// !$*UTF8*$!
{
	archiveVersion = 1;
	classes = {
	};
	objectVersion = 55;
	objects = {

/* Begin PBXBuildFile section */
		C82272CE2964A97E00A3FCE0 /* NavigationBar.swift in Sources */ = {isa = PBXBuildFile; fileRef = C82272CD2964A97E00A3FCE0 /* NavigationBar.swift */; };
		C83FA0D4298EC1840046D3F3 /* FeaturedItemView.swift in Sources */ = {isa = PBXBuildFile; fileRef = C83FA0D3298EC1840046D3F3 /* FeaturedItemView.swift */; };
		C83FA0D6298EC8670046D3F3 /* PreferenceKeys.swift in Sources */ = {isa = PBXBuildFile; fileRef = C83FA0D5298EC8670046D3F3 /* PreferenceKeys.swift */; };
		C83FA0D8298ED0FF0046D3F3 /* AnimatableFontModifier.swift in Sources */ = {isa = PBXBuildFile; fileRef = C83FA0D7298ED0FF0046D3F3 /* AnimatableFontModifier.swift */; };
		C84DD1AA299FB4FC008C1574 /* MatchedView.swift in Sources */ = {isa = PBXBuildFile; fileRef = C84DD1A9299FB4FC008C1574 /* MatchedView.swift */; };
		C84DD1AC29A00C7B008C1574 /* CourseItemView.swift in Sources */ = {isa = PBXBuildFile; fileRef = C84DD1AB29A00C7B008C1574 /* CourseItemView.swift */; };
		C84DD1AE29A00EAB008C1574 /* CourseView.swift in Sources */ = {isa = PBXBuildFile; fileRef = C84DD1AD29A00EAB008C1574 /* CourseView.swift */; };
		C84DD1B029A01A4B008C1574 /* Animations.swift in Sources */ = {isa = PBXBuildFile; fileRef = C84DD1AF29A01A4B008C1574 /* Animations.swift */; };
		C84FEAE229447E1C00E54FB5 /* Tab.swift in Sources */ = {isa = PBXBuildFile; fileRef = C84FEAE129447E1C00E54FB5 /* Tab.swift */; };
		C8587ED0299030F8004FCC2B /* Course.swift in Sources */ = {isa = PBXBuildFile; fileRef = C8587ECF299030F8004FCC2B /* Course.swift */; };
		C868523F29313C6F00478F67 /* Styles.swift in Sources */ = {isa = PBXBuildFile; fileRef = C868523E29313C6F00478F67 /* Styles.swift */; };
		C86852412931496C00478F67 /* AccountView.swift in Sources */ = {isa = PBXBuildFile; fileRef = C86852402931496C00478F67 /* AccountView.swift */; };
		C874A54F292945B70036F9E1 /* DesignPlusCodeSwiftUIiOS15App.swift in Sources */ = {isa = PBXBuildFile; fileRef = C874A54E292945B70036F9E1 /* DesignPlusCodeSwiftUIiOS15App.swift */; };
		C874A551292945B70036F9E1 /* ContentView.swift in Sources */ = {isa = PBXBuildFile; fileRef = C874A550292945B70036F9E1 /* ContentView.swift */; };
		C874A553292945BB0036F9E1 /* Assets.xcassets in Resources */ = {isa = PBXBuildFile; fileRef = C874A552292945BB0036F9E1 /* Assets.xcassets */; };
		C874A556292945BB0036F9E1 /* Preview Assets.xcassets in Resources */ = {isa = PBXBuildFile; fileRef = C874A555292945BB0036F9E1 /* Preview Assets.xcassets */; };
		C8A3D2FB29A93AE5005E1F8D /* Model.swift in Sources */ = {isa = PBXBuildFile; fileRef = C8A3D2FA29A93AE5005E1F8D /* Model.swift */; };
		C8A97A7D293E5736001BBF98 /* TabBarView.swift in Sources */ = {isa = PBXBuildFile; fileRef = C8A97A7C293E5736001BBF98 /* TabBarView.swift */; };
		C8CA7BDB29AAB38600283F86 /* SearchView.swift in Sources */ = {isa = PBXBuildFile; fileRef = C8CA7BDA29AAB38600283F86 /* SearchView.swift */; };
		C8D02AA3293A333B008AD9DF /* HexagonView.swift in Sources */ = {isa = PBXBuildFile; fileRef = C8D02AA2293A333B008AD9DF /* HexagonView.swift */; };
		C8D02AA5293A3B64008AD9DF /* BlobView.swift in Sources */ = {isa = PBXBuildFile; fileRef = C8D02AA4293A3B64008AD9DF /* BlobView.swift */; };
		C8F278EB29633E6300BFA346 /* HomeView.swift in Sources */ = {isa = PBXBuildFile; fileRef = C8F278EA29633E6200BFA346 /* HomeView.swift */; };
/* End PBXBuildFile section */

/* Begin PBXFileReference section */
		C82272CD2964A97E00A3FCE0 /* NavigationBar.swift */ = {isa = PBXFileReference; lastKnownFileType = sourcecode.swift; path = NavigationBar.swift; sourceTree = "<group>"; };
		C83FA0D3298EC1840046D3F3 /* FeaturedItemView.swift */ = {isa = PBXFileReference; lastKnownFileType = sourcecode.swift; path = FeaturedItemView.swift; sourceTree = "<group>"; };
		C83FA0D5298EC8670046D3F3 /* PreferenceKeys.swift */ = {isa = PBXFileReference; lastKnownFileType = sourcecode.swift; path = PreferenceKeys.swift; sourceTree = "<group>"; };
		C83FA0D7298ED0FF0046D3F3 /* AnimatableFontModifier.swift */ = {isa = PBXFileReference; lastKnownFileType = sourcecode.swift; path = AnimatableFontModifier.swift; sourceTree = "<group>"; };
		C84DD1A9299FB4FC008C1574 /* MatchedView.swift */ = {isa = PBXFileReference; lastKnownFileType = sourcecode.swift; path = MatchedView.swift; sourceTree = "<group>"; };
		C84DD1AB29A00C7B008C1574 /* CourseItemView.swift */ = {isa = PBXFileReference; lastKnownFileType = sourcecode.swift; path = CourseItemView.swift; sourceTree = "<group>"; };
		C84DD1AD29A00EAB008C1574 /* CourseView.swift */ = {isa = PBXFileReference; lastKnownFileType = sourcecode.swift; path = CourseView.swift; sourceTree = "<group>"; };
		C84DD1AF29A01A4B008C1574 /* Animations.swift */ = {isa = PBXFileReference; lastKnownFileType = sourcecode.swift; path = Animations.swift; sourceTree = "<group>"; };
		C84FEAE129447E1C00E54FB5 /* Tab.swift */ = {isa = PBXFileReference; lastKnownFileType = sourcecode.swift; path = Tab.swift; sourceTree = "<group>"; };
		C8587ECF299030F8004FCC2B /* Course.swift */ = {isa = PBXFileReference; lastKnownFileType = sourcecode.swift; path = Course.swift; sourceTree = "<group>"; };
		C868523E29313C6F00478F67 /* Styles.swift */ = {isa = PBXFileReference; lastKnownFileType = sourcecode.swift; path = Styles.swift; sourceTree = "<group>"; };
		C86852402931496C00478F67 /* AccountView.swift */ = {isa = PBXFileReference; lastKnownFileType = sourcecode.swift; path = AccountView.swift; sourceTree = "<group>"; };
		C874A54B292945B70036F9E1 /* DesignPlusCodeSwiftUIiOS15.app */ = {isa = PBXFileReference; explicitFileType = wrapper.application; includeInIndex = 0; path = DesignPlusCodeSwiftUIiOS15.app; sourceTree = BUILT_PRODUCTS_DIR; };
		C874A54E292945B70036F9E1 /* DesignPlusCodeSwiftUIiOS15App.swift */ = {isa = PBXFileReference; lastKnownFileType = sourcecode.swift; path = DesignPlusCodeSwiftUIiOS15App.swift; sourceTree = "<group>"; };
		C874A550292945B70036F9E1 /* ContentView.swift */ = {isa = PBXFileReference; lastKnownFileType = sourcecode.swift; path = ContentView.swift; sourceTree = "<group>"; };
		C874A552292945BB0036F9E1 /* Assets.xcassets */ = {isa = PBXFileReference; lastKnownFileType = folder.assetcatalog; path = Assets.xcassets; sourceTree = "<group>"; };
		C874A555292945BB0036F9E1 /* Preview Assets.xcassets */ = {isa = PBXFileReference; lastKnownFileType = folder.assetcatalog; path = "Preview Assets.xcassets"; sourceTree = "<group>"; };
		C8A3D2FA29A93AE5005E1F8D /* Model.swift */ = {isa = PBXFileReference; lastKnownFileType = sourcecode.swift; path = Model.swift; sourceTree = "<group>"; };
		C8A97A7C293E5736001BBF98 /* TabBarView.swift */ = {isa = PBXFileReference; lastKnownFileType = sourcecode.swift; path = TabBarView.swift; sourceTree = "<group>"; };
		C8CA7BDA29AAB38600283F86 /* SearchView.swift */ = {isa = PBXFileReference; lastKnownFileType = sourcecode.swift; path = SearchView.swift; sourceTree = "<group>"; };
		C8D02AA2293A333B008AD9DF /* HexagonView.swift */ = {isa = PBXFileReference; lastKnownFileType = sourcecode.swift; path = HexagonView.swift; sourceTree = "<group>"; };
		C8D02AA4293A3B64008AD9DF /* BlobView.swift */ = {isa = PBXFileReference; lastKnownFileType = sourcecode.swift; path = BlobView.swift; sourceTree = "<group>"; };
		C8F278EA29633E6200BFA346 /* HomeView.swift */ = {isa = PBXFileReference; lastKnownFileType = sourcecode.swift; path = HomeView.swift; sourceTree = "<group>"; };
/* End PBXFileReference section */

/* Begin PBXFrameworksBuildPhase section */
		C874A548292945B70036F9E1 /* Frameworks */ = {
			isa = PBXFrameworksBuildPhase;
			buildActionMask = 2147483647;
			files = (
			);
			runOnlyForDeploymentPostprocessing = 0;
		};
/* End PBXFrameworksBuildPhase section */

/* Begin PBXGroup section */
		C874A542292945B70036F9E1 = {
			isa = PBXGroup;
			children = (
				C874A54D292945B70036F9E1 /* DesignPlusCodeSwiftUIiOS15 */,
				C874A54C292945B70036F9E1 /* Products */,
			);
			sourceTree = "<group>";
		};
		C874A54C292945B70036F9E1 /* Products */ = {
			isa = PBXGroup;
			children = (
				C874A54B292945B70036F9E1 /* DesignPlusCodeSwiftUIiOS15.app */,
			);
			name = Products;
			sourceTree = "<group>";
		};
		C874A54D292945B70036F9E1 /* DesignPlusCodeSwiftUIiOS15 */ = {
			isa = PBXGroup;
			children = (
				C874A54E292945B70036F9E1 /* DesignPlusCodeSwiftUIiOS15App.swift */,
				C8F278EF2963579B00BFA346 /* Models */,
				C8F278ED2963574A00BFA346 /* Views */,
				C8F278EC2963572D00BFA346 /* Navigation */,
				C8F278EE2963578700BFA346 /* Components */,
				C8F278F0296357C200BFA346 /* Styles */,
				C874A552292945BB0036F9E1 /* Assets.xcassets */,
				C874A554292945BB0036F9E1 /* Preview Content */,
			);
			path = DesignPlusCodeSwiftUIiOS15;
			sourceTree = "<group>";
		};
		C874A554292945BB0036F9E1 /* Preview Content */ = {
			isa = PBXGroup;
			children = (
				C874A555292945BB0036F9E1 /* Preview Assets.xcassets */,
			);
			path = "Preview Content";
			sourceTree = "<group>";
		};
		C8F278EC2963572D00BFA346 /* Navigation */ = {
			isa = PBXGroup;
			children = (
				C874A550292945B70036F9E1 /* ContentView.swift */,
				C8A97A7C293E5736001BBF98 /* TabBarView.swift */,
				C82272CD2964A97E00A3FCE0 /* NavigationBar.swift */,
			);
			path = Navigation;
			sourceTree = "<group>";
		};
		C8F278ED2963574A00BFA346 /* Views */ = {
			isa = PBXGroup;
			children = (
				C86852402931496C00478F67 /* AccountView.swift */,
				C8F278EA29633E6200BFA346 /* HomeView.swift */,
				C84DD1A9299FB4FC008C1574 /* MatchedView.swift */,
				C84DD1AD29A00EAB008C1574 /* CourseView.swift */,
				C8CA7BDA29AAB38600283F86 /* SearchView.swift */,
			);
			path = Views;
			sourceTree = "<group>";
		};
		C8F278EE2963578700BFA346 /* Components */ = {
			isa = PBXGroup;
			children = (
				C8D02AA2293A333B008AD9DF /* HexagonView.swift */,
				C8D02AA4293A3B64008AD9DF /* BlobView.swift */,
				C83FA0D3298EC1840046D3F3 /* FeaturedItemView.swift */,
				C84DD1AB29A00C7B008C1574 /* CourseItemView.swift */,
			);
			path = Components;
			sourceTree = "<group>";
		};
		C8F278EF2963579B00BFA346 /* Models */ = {
			isa = PBXGroup;
			children = (
				C84FEAE129447E1C00E54FB5 /* Tab.swift */,
				C83FA0D5298EC8670046D3F3 /* PreferenceKeys.swift */,
				C8587ECF299030F8004FCC2B /* Course.swift */,
				C8A3D2FA29A93AE5005E1F8D /* Model.swift */,
			);
			path = Models;
			sourceTree = "<group>";
		};
		C8F278F0296357C200BFA346 /* Styles */ = {
			isa = PBXGroup;
			children = (
				C868523E29313C6F00478F67 /* Styles.swift */,
				C83FA0D7298ED0FF0046D3F3 /* AnimatableFontModifier.swift */,
				C84DD1AF29A01A4B008C1574 /* Animations.swift */,
			);
			path = Styles;
			sourceTree = "<group>";
		};
/* End PBXGroup section */

/* Begin PBXNativeTarget section */
		C874A54A292945B70036F9E1 /* DesignPlusCodeSwiftUIiOS15 */ = {
			isa = PBXNativeTarget;
			buildConfigurationList = C874A559292945BB0036F9E1 /* Build configuration list for PBXNativeTarget "DesignPlusCodeSwiftUIiOS15" */;
			buildPhases = (
				C874A547292945B70036F9E1 /* Sources */,
				C874A548292945B70036F9E1 /* Frameworks */,
				C874A549292945B70036F9E1 /* Resources */,
			);
			buildRules = (
			);
			dependencies = (
			);
			name = DesignPlusCodeSwiftUIiOS15;
			productName = DesignPlusCodeSwiftUIiOS15;
			productReference = C874A54B292945B70036F9E1 /* DesignPlusCodeSwiftUIiOS15.app */;
			productType = "com.apple.product-type.application";
		};
/* End PBXNativeTarget section */

/* Begin PBXProject section */
		C874A543292945B70036F9E1 /* Project object */ = {
			isa = PBXProject;
			attributes = {
				BuildIndependentTargetsInParallel = 1;
				LastSwiftUpdateCheck = 1340;
				LastUpgradeCheck = 1340;
				TargetAttributes = {
					C874A54A292945B70036F9E1 = {
						CreatedOnToolsVersion = 13.4.1;
					};
				};
			};
			buildConfigurationList = C874A546292945B70036F9E1 /* Build configuration list for PBXProject "DesignPlusCodeSwiftUIiOS15" */;
			compatibilityVersion = "Xcode 13.0";
			developmentRegion = en;
			hasScannedForEncodings = 0;
			knownRegions = (
				en,
				Base,
			);
			mainGroup = C874A542292945B70036F9E1;
			productRefGroup = C874A54C292945B70036F9E1 /* Products */;
			projectDirPath = "";
			projectRoot = "";
			targets = (
				C874A54A292945B70036F9E1 /* DesignPlusCodeSwiftUIiOS15 */,
			);
		};
/* End PBXProject section */

/* Begin PBXResourcesBuildPhase section */
		C874A549292945B70036F9E1 /* Resources */ = {
			isa = PBXResourcesBuildPhase;
			buildActionMask = 2147483647;
			files = (
				C874A556292945BB0036F9E1 /* Preview Assets.xcassets in Resources */,
				C874A553292945BB0036F9E1 /* Assets.xcassets in Resources */,
			);
			runOnlyForDeploymentPostprocessing = 0;
		};
/* End PBXResourcesBuildPhase section */

/* Begin PBXSourcesBuildPhase section */
		C874A547292945B70036F9E1 /* Sources */ = {
			isa = PBXSourcesBuildPhase;
			buildActionMask = 2147483647;
			files = (
				C8CA7BDB29AAB38600283F86 /* SearchView.swift in Sources */,
				C8F278EB29633E6300BFA346 /* HomeView.swift in Sources */,
				C86852412931496C00478F67 /* AccountView.swift in Sources */,
				C84DD1AE29A00EAB008C1574 /* CourseView.swift in Sources */,
				C8D02AA3293A333B008AD9DF /* HexagonView.swift in Sources */,
				C8A97A7D293E5736001BBF98 /* TabBarView.swift in Sources */,
				C84DD1AA299FB4FC008C1574 /* MatchedView.swift in Sources */,
				C84FEAE229447E1C00E54FB5 /* Tab.swift in Sources */,
				C83FA0D4298EC1840046D3F3 /* FeaturedItemView.swift in Sources */,
				C82272CE2964A97E00A3FCE0 /* NavigationBar.swift in Sources */,
				C868523F29313C6F00478F67 /* Styles.swift in Sources */,
				C8587ED0299030F8004FCC2B /* Course.swift in Sources */,
				C84DD1AC29A00C7B008C1574 /* CourseItemView.swift in Sources */,
				C8D02AA5293A3B64008AD9DF /* BlobView.swift in Sources */,
				C874A551292945B70036F9E1 /* ContentView.swift in Sources */,
				C84DD1B029A01A4B008C1574 /* Animations.swift in Sources */,
				C83FA0D6298EC8670046D3F3 /* PreferenceKeys.swift in Sources */,
				C8A3D2FB29A93AE5005E1F8D /* Model.swift in Sources */,
				C874A54F292945B70036F9E1 /* DesignPlusCodeSwiftUIiOS15App.swift in Sources */,
				C83FA0D8298ED0FF0046D3F3 /* AnimatableFontModifier.swift in Sources */,
			);
			runOnlyForDeploymentPostprocessing = 0;
		};
/* End PBXSourcesBuildPhase section */

/* Begin XCBuildConfiguration section */
		C874A557292945BB0036F9E1 /* Debug */ = {
			isa = XCBuildConfiguration;
			buildSettings = {
				ALWAYS_SEARCH_USER_PATHS = NO;
				CLANG_ANALYZER_NONNULL = YES;
				CLANG_ANALYZER_NUMBER_OBJECT_CONVERSION = YES_AGGRESSIVE;
				CLANG_CXX_LANGUAGE_STANDARD = "gnu++17";
				CLANG_ENABLE_MODULES = YES;
				CLANG_ENABLE_OBJC_ARC = YES;
				CLANG_ENABLE_OBJC_WEAK = YES;
				CLANG_WARN_BLOCK_CAPTURE_AUTORELEASING = YES;
				CLANG_WARN_BOOL_CONVERSION = YES;
				CLANG_WARN_COMMA = YES;
				CLANG_WARN_CONSTANT_CONVERSION = YES;
				CLANG_WARN_DEPRECATED_OBJC_IMPLEMENTATIONS = YES;
				CLANG_WARN_DIRECT_OBJC_ISA_USAGE = YES_ERROR;
				CLANG_WARN_DOCUMENTATION_COMMENTS = YES;
				CLANG_WARN_EMPTY_BODY = YES;
				CLANG_WARN_ENUM_CONVERSION = YES;
				CLANG_WARN_INFINITE_RECURSION = YES;
				CLANG_WARN_INT_CONVERSION = YES;
				CLANG_WARN_NON_LITERAL_NULL_CONVERSION = YES;
				CLANG_WARN_OBJC_IMPLICIT_RETAIN_SELF = YES;
				CLANG_WARN_OBJC_LITERAL_CONVERSION = YES;
				CLANG_WARN_OBJC_ROOT_CLASS = YES_ERROR;
				CLANG_WARN_QUOTED_INCLUDE_IN_FRAMEWORK_HEADER = YES;
				CLANG_WARN_RANGE_LOOP_ANALYSIS = YES;
				CLANG_WARN_STRICT_PROTOTYPES = YES;
				CLANG_WARN_SUSPICIOUS_MOVE = YES;
				CLANG_WARN_UNGUARDED_AVAILABILITY = YES_AGGRESSIVE;
				CLANG_WARN_UNREACHABLE_CODE = YES;
				CLANG_WARN__DUPLICATE_METHOD_MATCH = YES;
				COPY_PHASE_STRIP = NO;
				DEBUG_INFORMATION_FORMAT = dwarf;
				ENABLE_STRICT_OBJC_MSGSEND = YES;
				ENABLE_TESTABILITY = YES;
				GCC_C_LANGUAGE_STANDARD = gnu11;
				GCC_DYNAMIC_NO_PIC = NO;
				GCC_NO_COMMON_BLOCKS = YES;
				GCC_OPTIMIZATION_LEVEL = 0;
				GCC_PREPROCESSOR_DEFINITIONS = (
					"DEBUG=1",
					"$(inherited)",
				);
				GCC_WARN_64_TO_32_BIT_CONVERSION = YES;
				GCC_WARN_ABOUT_RETURN_TYPE = YES_ERROR;
				GCC_WARN_UNDECLARED_SELECTOR = YES;
				GCC_WARN_UNINITIALIZED_AUTOS = YES_AGGRESSIVE;
				GCC_WARN_UNUSED_FUNCTION = YES;
				GCC_WARN_UNUSED_VARIABLE = YES;
				IPHONEOS_DEPLOYMENT_TARGET = 15.5;
				MTL_ENABLE_DEBUG_INFO = INCLUDE_SOURCE;
				MTL_FAST_MATH = YES;
				ONLY_ACTIVE_ARCH = YES;
				SDKROOT = iphoneos;
				SWIFT_ACTIVE_COMPILATION_CONDITIONS = DEBUG;
				SWIFT_OPTIMIZATION_LEVEL = "-Onone";
			};
			name = Debug;
		};
		C874A558292945BB0036F9E1 /* Release */ = {
			isa = XCBuildConfiguration;
			buildSettings = {
				ALWAYS_SEARCH_USER_PATHS = NO;
				CLANG_ANALYZER_NONNULL = YES;
				CLANG_ANALYZER_NUMBER_OBJECT_CONVERSION = YES_AGGRESSIVE;
				CLANG_CXX_LANGUAGE_STANDARD = "gnu++17";
				CLANG_ENABLE_MODULES = YES;
				CLANG_ENABLE_OBJC_ARC = YES;
				CLANG_ENABLE_OBJC_WEAK = YES;
				CLANG_WARN_BLOCK_CAPTURE_AUTORELEASING = YES;
				CLANG_WARN_BOOL_CONVERSION = YES;
				CLANG_WARN_COMMA = YES;
				CLANG_WARN_CONSTANT_CONVERSION = YES;
				CLANG_WARN_DEPRECATED_OBJC_IMPLEMENTATIONS = YES;
				CLANG_WARN_DIRECT_OBJC_ISA_USAGE = YES_ERROR;
				CLANG_WARN_DOCUMENTATION_COMMENTS = YES;
				CLANG_WARN_EMPTY_BODY = YES;
				CLANG_WARN_ENUM_CONVERSION = YES;
				CLANG_WARN_INFINITE_RECURSION = YES;
				CLANG_WARN_INT_CONVERSION = YES;
				CLANG_WARN_NON_LITERAL_NULL_CONVERSION = YES;
				CLANG_WARN_OBJC_IMPLICIT_RETAIN_SELF = YES;
				CLANG_WARN_OBJC_LITERAL_CONVERSION = YES;
				CLANG_WARN_OBJC_ROOT_CLASS = YES_ERROR;
				CLANG_WARN_QUOTED_INCLUDE_IN_FRAMEWORK_HEADER = YES;
				CLANG_WARN_RANGE_LOOP_ANALYSIS = YES;
				CLANG_WARN_STRICT_PROTOTYPES = YES;
				CLANG_WARN_SUSPICIOUS_MOVE = YES;
				CLANG_WARN_UNGUARDED_AVAILABILITY = YES_AGGRESSIVE;
				CLANG_WARN_UNREACHABLE_CODE = YES;
				CLANG_WARN__DUPLICATE_METHOD_MATCH = YES;
				COPY_PHASE_STRIP = NO;
				DEBUG_INFORMATION_FORMAT = "dwarf-with-dsym";
				ENABLE_NS_ASSERTIONS = NO;
				ENABLE_STRICT_OBJC_MSGSEND = YES;
				GCC_C_LANGUAGE_STANDARD = gnu11;
				GCC_NO_COMMON_BLOCKS = YES;
				GCC_WARN_64_TO_32_BIT_CONVERSION = YES;
				GCC_WARN_ABOUT_RETURN_TYPE = YES_ERROR;
				GCC_WARN_UNDECLARED_SELECTOR = YES;
				GCC_WARN_UNINITIALIZED_AUTOS = YES_AGGRESSIVE;
				GCC_WARN_UNUSED_FUNCTION = YES;
				GCC_WARN_UNUSED_VARIABLE = YES;
				IPHONEOS_DEPLOYMENT_TARGET = 15.5;
				MTL_ENABLE_DEBUG_INFO = NO;
				MTL_FAST_MATH = YES;
				SDKROOT = iphoneos;
				SWIFT_COMPILATION_MODE = wholemodule;
				SWIFT_OPTIMIZATION_LEVEL = "-O";
				VALIDATE_PRODUCT = YES;
			};
			name = Release;
		};
		C874A55A292945BB0036F9E1 /* Debug */ = {
			isa = XCBuildConfiguration;
			buildSettings = {
				ASSETCATALOG_COMPILER_APPICON_NAME = AppIcon;
				ASSETCATALOG_COMPILER_GLOBAL_ACCENT_COLOR_NAME = AccentColor;
				CODE_SIGN_STYLE = Automatic;
				CURRENT_PROJECT_VERSION = 1;
				DEVELOPMENT_ASSET_PATHS = "\"DesignPlusCodeSwiftUIiOS15/Preview Content\"";
				DEVELOPMENT_TEAM = U6JX84M9ZS;
				ENABLE_PREVIEWS = YES;
				GENERATE_INFOPLIST_FILE = YES;
				INFOPLIST_KEY_UIApplicationSceneManifest_Generation = YES;
				INFOPLIST_KEY_UIApplicationSupportsIndirectInputEvents = YES;
				INFOPLIST_KEY_UILaunchScreen_Generation = YES;
				INFOPLIST_KEY_UISupportedInterfaceOrientations_iPad = "UIInterfaceOrientationPortrait UIInterfaceOrientationPortraitUpsideDown UIInterfaceOrientationLandscapeLeft UIInterfaceOrientationLandscapeRight";
				INFOPLIST_KEY_UISupportedInterfaceOrientations_iPhone = "UIInterfaceOrientationPortrait UIInterfaceOrientationLandscapeLeft UIInterfaceOrientationLandscapeRight";
				LD_RUNPATH_SEARCH_PATHS = (
					"$(inherited)",
					"@executable_path/Frameworks",
				);
				MARKETING_VERSION = 1.0;
				PRODUCT_BUNDLE_IDENTIFIER = com.abanoubashraf.DesignPlusCodeSwiftUIiOS15;
				PRODUCT_NAME = "$(TARGET_NAME)";
				SWIFT_EMIT_LOC_STRINGS = YES;
				SWIFT_VERSION = 5.0;
				TARGETED_DEVICE_FAMILY = "1,2";
			};
			name = Debug;
		};
		C874A55B292945BB0036F9E1 /* Release */ = {
			isa = XCBuildConfiguration;
			buildSettings = {
				ASSETCATALOG_COMPILER_APPICON_NAME = AppIcon;
				ASSETCATALOG_COMPILER_GLOBAL_ACCENT_COLOR_NAME = AccentColor;
				CODE_SIGN_STYLE = Automatic;
				CURRENT_PROJECT_VERSION = 1;
				DEVELOPMENT_ASSET_PATHS = "\"DesignPlusCodeSwiftUIiOS15/Preview Content\"";
				DEVELOPMENT_TEAM = U6JX84M9ZS;
				ENABLE_PREVIEWS = YES;
				GENERATE_INFOPLIST_FILE = YES;
				INFOPLIST_KEY_UIApplicationSceneManifest_Generation = YES;
				INFOPLIST_KEY_UIApplicationSupportsIndirectInputEvents = YES;
				INFOPLIST_KEY_UILaunchScreen_Generation = YES;
				INFOPLIST_KEY_UISupportedInterfaceOrientations_iPad = "UIInterfaceOrientationPortrait UIInterfaceOrientationPortraitUpsideDown UIInterfaceOrientationLandscapeLeft UIInterfaceOrientationLandscapeRight";
				INFOPLIST_KEY_UISupportedInterfaceOrientations_iPhone = "UIInterfaceOrientationPortrait UIInterfaceOrientationLandscapeLeft UIInterfaceOrientationLandscapeRight";
				LD_RUNPATH_SEARCH_PATHS = (
					"$(inherited)",
					"@executable_path/Frameworks",
				);
				MARKETING_VERSION = 1.0;
				PRODUCT_BUNDLE_IDENTIFIER = com.abanoubashraf.DesignPlusCodeSwiftUIiOS15;
				PRODUCT_NAME = "$(TARGET_NAME)";
				SWIFT_EMIT_LOC_STRINGS = YES;
				SWIFT_VERSION = 5.0;
				TARGETED_DEVICE_FAMILY = "1,2";
			};
			name = Release;
		};
/* End XCBuildConfiguration section */

/* Begin XCConfigurationList section */
		C874A546292945B70036F9E1 /* Build configuration list for PBXProject "DesignPlusCodeSwiftUIiOS15" */ = {
			isa = XCConfigurationList;
			buildConfigurations = (
				C874A557292945BB0036F9E1 /* Debug */,
				C874A558292945BB0036F9E1 /* Release */,
			);
			defaultConfigurationIsVisible = 0;
			defaultConfigurationName = Release;
		};
		C874A559292945BB0036F9E1 /* Build configuration list for PBXNativeTarget "DesignPlusCodeSwiftUIiOS15" */ = {
			isa = XCConfigurationList;
			buildConfigurations = (
				C874A55A292945BB0036F9E1 /* Debug */,
				C874A55B292945BB0036F9E1 /* Release */,
			);
			defaultConfigurationIsVisible = 0;
			defaultConfigurationName = Release;
		};
/* End XCConfigurationList section */
	};
	rootObject = C874A543292945B70036F9E1 /* Project object */;
}
